{
  "name": "node-red-contrib-carrier",
  "version": "1.0.0",
  "lockfileVersion": 2,
  "requires": true,
  "packages": {
    "": {
      "name": "node-red-contrib-carrier",
      "version": "1.0.0",
      "license": "ISC",
      "dependencies": {
        "carrier": "^0.3.0"
      }
    },
    "node_modules/carrier": {
      "version": "0.3.0",
      "resolved": "https://registry.npmjs.org/carrier/-/carrier-0.3.0.tgz",
      "integrity": "sha512-G0Unz6R11Pdg/9N0qr5muv5ZOF2+oe3WH7i6eiClSd5kozdY5a2nKFfGOTajhoM1vioaAfbnj2RnRQFUDyb9Mw==",
      "engines": {
        "node": ">=0.3.0"
      }
    }
  },
  "dependencies": {
    "carrier": {
      "version": "0.3.0",
      "resolved": "https://registry.npmjs.org/carrier/-/carrier-0.3.0.tgz",
      "integrity": "sha512-G0Unz6R11Pdg/9N0qr5muv5ZOF2+oe3WH7i6eiClSd5kozdY5a2nKFfGOTajhoM1vioaAfbnj2RnRQFUDyb9Mw=="
    }
  }
}
